{
  "version": 4,
  "terraform_version": "1.7.1",
  "serial": 3,
  "lineage": "355d5ca7-4aa5-de0f-0042-0f44fd568a08",
  "outputs": {},
  "resources": [
    {
      "mode": "managed",
      "type": "proxmox_virtual_environment_group",
      "name": "service_accounts",
      "provider": "provider[\"registry.terraform.io/bpg/proxmox\"]",
      "instances": [
        {
          "schema_version": 0,
          "attributes": {
            "acl": [
              {
                "path": "/vms",
                "propagate": true,
                "role_id": "PVEVMAdmin"
              }
            ],
            "comment": "Managed by Terraform",
            "group_id": "service-accounts",
            "id": "service-accounts",
            "members": []
          },
          "sensitive_attributes": [],
          "private": "bnVsbA=="
        }
      ]
    }
  ],
  "check_results": null
}
